{
  "name": "oop-bank",
  "version": "1.0.0",
  "lockfileVersion": 3,
  "requires": true,
  "packages": {
    "": {
      "name": "oop-bank",
      "version": "1.0.0",
      "license": "ISC",
      "dependencies": {
        "quiz": "^0.1.0"
      }
    },
    "node_modules/cornerstone": {
      "version": "0.1.1",
      "resolved": "https://registry.npmjs.org/cornerstone/-/cornerstone-0.1.1.tgz",
      "integrity": "sha512-k/48G+V2d89ImxRV6NVj4lxB5n3F2dD0AKaSaA0tzjTB0NRDSUeeWRVpUyyFQlWUUiXQlomDKDfVqfPpa6TPsw=="
    },
    "node_modules/quiz": {
      "version": "0.1.0",
      "resolved": "https://registry.npmjs.org/quiz/-/quiz-0.1.0.tgz",
      "integrity": "sha512-3aLYAui+8ZMAp8oWRPN+1atYpXwpTKXnfpeoQnCgxAHwlrmuwtcM1btgoBkHixQGsJlRmDMVEeG6XLvf0pjIWQ==",
      "dependencies": {
        "cornerstone": "x"
      },
      "engines": {
        "node": "*"
      }
    }
  }
}
